
Microsoft Visual Studio Solution File, Format Version 12.00
# Visual Studio Version 16
VisualStudioVersion = 16.0.29306.81
MinimumVisualStudioVersion = 10.0.40219.1
Project("{FAE04EC0-301F-11D3-BF4B-00C04F79EFBC}") = "NoiseAmpControl", "NoiseAmpControl.csproj", "{1F6A7CDB-BD21-45DF-AEA4-0BF5BDD62ABD}"
EndProject
Global
	GlobalSection(SolutionConfigurationPlatforms) = preSolution
		Debug|Any CPU = Debug|Any CPU
		Release|Any CPU = Release|Any CPU
	EndGlobalSection
	GlobalSection(ProjectConfigurationPlatforms) = postSolution
		{1F6A7CDB-BD21-45DF-AEA4-0BF5BDD62ABD}.Debug|Any CPU.ActiveCfg = Debug|Any CPU
		{1F6A7CDB-BD21-45DF-AEA4-0BF5BDD62ABD}.Debug|Any CPU.Build.0 = Debug|Any CPU
		{1F6A7CDB-BD21-45DF-AEA4-0BF5BDD62ABD}.Release|Any CPU.ActiveCfg = Release|Any CPU
		{1F6A7CDB-BD21-45DF-AEA4-0BF5BDD62ABD}.Release|Any CPU.Build.0 = Release|Any CPU
	EndGlobalSection
	GlobalSection(SolutionProperties) = preSolution
		HideSolutionNode = FALSE
	EndGlobalSection
	GlobalSection(ExtensibilityGlobals) = postSolution
		SolutionGuid = {061D3426-D3D2-4DC2-8128-FD9D1991A8AD}
	EndGlobalSection
EndGlobal
